// !$*UTF8*$!
{
	archiveVersion = 1;
	classes = {
	};
	objectVersion = 77;
	objects = {

/* Begin PBXBuildFile section */
		935651802F163F36006D3E90 /* CLAUDE.md in Resources */ = {isa = PBXBuildFile; fileRef = 9356517F2F163F36006D3E90 /* CLAUDE.md */; };
		9356518D2F16416E006D3E90 /* 03-optionals.md in Resources */ = {isa = PBXBuildFile; fileRef = 935651812F16416E006D3E90 /* 03-optionals.md */; };
		9356518E2F16416E006D3E90 /* 01-project-structure.md in Resources */ = {isa = PBXBuildFile; fileRef = 935651892F16416E006D3E90 /* 01-project-structure.md */; };
		9356518F2F16416E006D3E90 /* README.md in Resources */ = {isa = PBXBuildFile; fileRef = 9356518B2F16416E006D3E90 /* README.md */; };
		935651902F16416E006D3E90 /* 01-what-is-mvvm.md in Resources */ = {isa = PBXBuildFile; fileRef = 935651842F16416E006D3E90 /* 01-what-is-mvvm.md */; };
/* End PBXBuildFile section */

/* Begin PBXFileReference section */
		9356514B2F1629CA006D3E90 /* prayerapp-swift.app */ = {isa = PBXFileReference; explicitFileType = wrapper.application; includeInIndex = 0; path = "prayerapp-swift.app"; sourceTree = BUILT_PRODUCTS_DIR; };
		9356517F2F163F36006D3E90 /* CLAUDE.md */ = {isa = PBXFileReference; lastKnownFileType = net.daringfireball.markdown; path = CLAUDE.md; sourceTree = "<group>"; };
		935651812F16416E006D3E90 /* 03-optionals.md */ = {isa = PBXFileReference; lastKnownFileType = net.daringfireball.markdown; path = "03-optionals.md"; sourceTree = "<group>"; };
		935651842F16416E006D3E90 /* 01-what-is-mvvm.md */ = {isa = PBXFileReference; lastKnownFileType = net.daringfireball.markdown; path = "01-what-is-mvvm.md"; sourceTree = "<group>"; };
		935651892F16416E006D3E90 /* 01-project-structure.md */ = {isa = PBXFileReference; lastKnownFileType = net.daringfireball.markdown; path = "01-project-structure.md"; sourceTree = "<group>"; };
		9356518B2F16416E006D3E90 /* README.md */ = {isa = PBXFileReference; lastKnownFileType = net.daringfireball.markdown; path = README.md; sourceTree = "<group>"; };
/* End PBXFileReference section */

/* Begin PBXFileSystemSynchronizedBuildFileExceptionSet section */
		93D5AB932F1686BC0006AFF9 /* Exceptions for "prayerapp-swift" folder in "prayerapp-swift" target */ = {
			isa = PBXFileSystemSynchronizedBuildFileExceptionSet;
			membershipExceptions = (
				Info.plist,
			);
			target = 9356514A2F1629CA006D3E90 /* prayerapp-swift */;
		};
/* End PBXFileSystemSynchronizedBuildFileExceptionSet section */

/* Begin PBXFileSystemSynchronizedRootGroup section */
		9356514D2F1629CA006D3E90 /* prayerapp-swift */ = {
			isa = PBXFileSystemSynchronizedRootGroup;
			exceptions = (
				93D5AB932F1686BC0006AFF9 /* Exceptions for "prayerapp-swift" folder in "prayerapp-swift" target */,
			);
			path = "prayerapp-swift";
			sourceTree = "<group>";
		};
/* End PBXFileSystemSynchronizedRootGroup section */

/* Begin PBXFrameworksBuildPhase section */
		935651482F1629CA006D3E90 /* Frameworks */ = {
			isa = PBXFrameworksBuildPhase;
			buildActionMask = 2147483647;
			files = (
			);
			runOnlyForDeploymentPostprocessing = 0;
		};
/* End PBXFrameworksBuildPhase section */

/* Begin PBXGroup section */
		935651422F1629CA006D3E90 = {
			isa = PBXGroup;
			children = (
				9356518C2F16416E006D3E90 /* lessons */,
				9356517F2F163F36006D3E90 /* CLAUDE.md */,
				9356514D2F1629CA006D3E90 /* prayerapp-swift */,
				9356514C2F1629CA006D3E90 /* Products */,
			);
			sourceTree = "<group>";
		};
		9356514C2F1629CA006D3E90 /* Products */ = {
			isa = PBXGroup;
			children = (
				9356514B2F1629CA006D3E90 /* prayerapp-swift.app */,
			);
			name = Products;
			sourceTree = "<group>";
		};
		935651822F16416E006D3E90 /* 01-swift-basics */ = {
			isa = PBXGroup;
			children = (
				935651812F16416E006D3E90 /* 03-optionals.md */,
			);
			path = "01-swift-basics";
			sourceTree = "<group>";
		};
		935651832F16416E006D3E90 /* 02-swiftui-fundamentals */ = {
			isa = PBXGroup;
			children = (
			);
			path = "02-swiftui-fundamentals";
			sourceTree = "<group>";
		};
		935651852F16416E006D3E90 /* 03-mvvm-architecture */ = {
			isa = PBXGroup;
			children = (
				935651842F16416E006D3E90 /* 01-what-is-mvvm.md */,
			);
			path = "03-mvvm-architecture";
			sourceTree = "<group>";
		};
		935651862F16416E006D3E90 /* 04-networking */ = {
			isa = PBXGroup;
			children = (
			);
			path = "04-networking";
			sourceTree = "<group>";
		};
		935651872F16416E006D3E90 /* 05-authentication */ = {
			isa = PBXGroup;
			children = (
			);
			path = "05-authentication";
			sourceTree = "<group>";
		};
		935651882F16416E006D3E90 /* 06-testing */ = {
			isa = PBXGroup;
			children = (
			);
			path = "06-testing";
			sourceTree = "<group>";
		};
		9356518A2F16416E006D3E90 /* 07-xcode-essentials */ = {
			isa = PBXGroup;
			children = (
				935651892F16416E006D3E90 /* 01-project-structure.md */,
			);
			path = "07-xcode-essentials";
			sourceTree = "<group>";
		};
		9356518C2F16416E006D3E90 /* lessons */ = {
			isa = PBXGroup;
			children = (
				935651822F16416E006D3E90 /* 01-swift-basics */,
				935651832F16416E006D3E90 /* 02-swiftui-fundamentals */,
				935651852F16416E006D3E90 /* 03-mvvm-architecture */,
				935651862F16416E006D3E90 /* 04-networking */,
				935651872F16416E006D3E90 /* 05-authentication */,
				935651882F16416E006D3E90 /* 06-testing */,
				9356518A2F16416E006D3E90 /* 07-xcode-essentials */,
				9356518B2F16416E006D3E90 /* README.md */,
			);
			path = lessons;
			sourceTree = "<group>";
		};
/* End PBXGroup section */

/* Begin PBXNativeTarget section */
		9356514A2F1629CA006D3E90 /* prayerapp-swift */ = {
			isa = PBXNativeTarget;
			buildConfigurationList = 935651562F1629CC006D3E90 /* Build configuration list for PBXNativeTarget "prayerapp-swift" */;
			buildPhases = (
				935651472F1629CA006D3E90 /* Sources */,
				935651482F1629CA006D3E90 /* Frameworks */,
				935651492F1629CA006D3E90 /* Resources */,
			);
			buildRules = (
			);
			dependencies = (
			);
			fileSystemSynchronizedGroups = (
				9356514D2F1629CA006D3E90 /* prayerapp-swift */,
			);
			name = "prayerapp-swift";
			packageProductDependencies = (
			);
			productName = "prayerapp-swift";
			productReference = 9356514B2F1629CA006D3E90 /* prayerapp-swift.app */;
			productType = "com.apple.product-type.application";
		};
/* End PBXNativeTarget section */

/* Begin PBXProject section */
		935651432F1629CA006D3E90 /* Project object */ = {
			isa = PBXProject;
			attributes = {
				BuildIndependentTargetsInParallel = 1;
				LastSwiftUpdateCheck = 2600;
				LastUpgradeCheck = 2600;
				TargetAttributes = {
					9356514A2F1629CA006D3E90 = {
						CreatedOnToolsVersion = 26.0.1;
					};
				};
			};
			buildConfigurationList = 935651462F1629CA006D3E90 /* Build configuration list for PBXProject "prayerapp-swift" */;
			developmentRegion = en;
			hasScannedForEncodings = 0;
			knownRegions = (
				en,
				Base,
			);
			mainGroup = 935651422F1629CA006D3E90;
			minimizedProjectReferenceProxies = 1;
			preferredProjectObjectVersion = 77;
			productRefGroup = 9356514C2F1629CA006D3E90 /* Products */;
			projectDirPath = "";
			projectRoot = "";
			targets = (
				9356514A2F1629CA006D3E90 /* prayerapp-swift */,
			);
		};
/* End PBXProject section */

/* Begin PBXResourcesBuildPhase section */
		935651492F1629CA006D3E90 /* Resources */ = {
			isa = PBXResourcesBuildPhase;
			buildActionMask = 2147483647;
			files = (
				9356518D2F16416E006D3E90 /* 03-optionals.md in Resources */,
				9356518E2F16416E006D3E90 /* 01-project-structure.md in Resources */,
				9356518F2F16416E006D3E90 /* README.md in Resources */,
				935651902F16416E006D3E90 /* 01-what-is-mvvm.md in Resources */,
				935651802F163F36006D3E90 /* CLAUDE.md in Resources */,
			);
			runOnlyForDeploymentPostprocessing = 0;
		};
/* End PBXResourcesBuildPhase section */

/* Begin PBXSourcesBuildPhase section */
		935651472F1629CA006D3E90 /* Sources */ = {
			isa = PBXSourcesBuildPhase;
			buildActionMask = 2147483647;
			files = (
			);
			runOnlyForDeploymentPostprocessing = 0;
		};
/* End PBXSourcesBuildPhase section */

/* Begin XCBuildConfiguration section */
		935651542F1629CC006D3E90 /* Debug */ = {
			isa = XCBuildConfiguration;
			buildSettings = {
				ALWAYS_SEARCH_USER_PATHS = NO;
				ASSETCATALOG_COMPILER_GENERATE_SWIFT_ASSET_SYMBOL_EXTENSIONS = YES;
				CLANG_ANALYZER_NONNULL = YES;
				CLANG_ANALYZER_NUMBER_OBJECT_CONVERSION = YES_AGGRESSIVE;
				CLANG_CXX_LANGUAGE_STANDARD = "gnu++20";
				CLANG_ENABLE_MODULES = YES;
				CLANG_ENABLE_OBJC_ARC = YES;
				CLANG_ENABLE_OBJC_WEAK = YES;
				CLANG_WARN_BLOCK_CAPTURE_AUTORELEASING = YES;
				CLANG_WARN_BOOL_CONVERSION = YES;
				CLANG_WARN_COMMA = YES;
				CLANG_WARN_CONSTANT_CONVERSION = YES;
				CLANG_WARN_DEPRECATED_OBJC_IMPLEMENTATIONS = YES;
				CLANG_WARN_DIRECT_OBJC_ISA_USAGE = YES_ERROR;
				CLANG_WARN_DOCUMENTATION_COMMENTS = YES;
				CLANG_WARN_EMPTY_BODY = YES;
				CLANG_WARN_ENUM_CONVERSION = YES;
				CLANG_WARN_INFINITE_RECURSION = YES;
				CLANG_WARN_INT_CONVERSION = YES;
				CLANG_WARN_NON_LITERAL_NULL_CONVERSION = YES;
				CLANG_WARN_OBJC_IMPLICIT_RETAIN_SELF = YES;
				CLANG_WARN_OBJC_LITERAL_CONVERSION = YES;
				CLANG_WARN_OBJC_ROOT_CLASS = YES_ERROR;
				CLANG_WARN_QUOTED_INCLUDE_IN_FRAMEWORK_HEADER = YES;
				CLANG_WARN_RANGE_LOOP_ANALYSIS = YES;
				CLANG_WARN_STRICT_PROTOTYPES = YES;
				CLANG_WARN_SUSPICIOUS_MOVE = YES;
				CLANG_WARN_UNGUARDED_AVAILABILITY = YES_AGGRESSIVE;
				CLANG_WARN_UNREACHABLE_CODE = YES;
				CLANG_WARN__DUPLICATE_METHOD_MATCH = YES;
				COPY_PHASE_STRIP = NO;
				DEBUG_INFORMATION_FORMAT = dwarf;
				DEVELOPMENT_TEAM = UU27PLANKB;
				ENABLE_STRICT_OBJC_MSGSEND = YES;
				ENABLE_TESTABILITY = YES;
				ENABLE_USER_SCRIPT_SANDBOXING = YES;
				GCC_C_LANGUAGE_STANDARD = gnu17;
				GCC_DYNAMIC_NO_PIC = NO;
				GCC_NO_COMMON_BLOCKS = YES;
				GCC_OPTIMIZATION_LEVEL = 0;
				GCC_PREPROCESSOR_DEFINITIONS = (
					"DEBUG=1",
					"$(inherited)",
				);
				GCC_WARN_64_TO_32_BIT_CONVERSION = YES;
				GCC_WARN_ABOUT_RETURN_TYPE = YES_ERROR;
				GCC_WARN_UNDECLARED_SELECTOR = YES;
				GCC_WARN_UNINITIALIZED_AUTOS = YES_AGGRESSIVE;
				GCC_WARN_UNUSED_FUNCTION = YES;
				GCC_WARN_UNUSED_VARIABLE = YES;
				IPHONEOS_DEPLOYMENT_TARGET = 26.0;
				LOCALIZATION_PREFERS_STRING_CATALOGS = YES;
				MTL_ENABLE_DEBUG_INFO = INCLUDE_SOURCE;
				MTL_FAST_MATH = YES;
				ONLY_ACTIVE_ARCH = YES;
				SDKROOT = iphoneos;
				SWIFT_ACTIVE_COMPILATION_CONDITIONS = "DEBUG $(inherited)";
				SWIFT_OPTIMIZATION_LEVEL = "-Onone";
			};
			name = Debug;
		};
		935651552F1629CC006D3E90 /* Release */ = {
			isa = XCBuildConfiguration;
			buildSettings = {
				ALWAYS_SEARCH_USER_PATHS = NO;
				ASSETCATALOG_COMPILER_GENERATE_SWIFT_ASSET_SYMBOL_EXTENSIONS = YES;
				CLANG_ANALYZER_NONNULL = YES;
				CLANG_ANALYZER_NUMBER_OBJECT_CONVERSION = YES_AGGRESSIVE;
				CLANG_CXX_LANGUAGE_STANDARD = "gnu++20";
				CLANG_ENABLE_MODULES = YES;
				CLANG_ENABLE_OBJC_ARC = YES;
				CLANG_ENABLE_OBJC_WEAK = YES;
				CLANG_WARN_BLOCK_CAPTURE_AUTORELEASING = YES;
				CLANG_WARN_BOOL_CONVERSION = YES;
				CLANG_WARN_COMMA = YES;
				CLANG_WARN_CONSTANT_CONVERSION = YES;
				CLANG_WARN_DEPRECATED_OBJC_IMPLEMENTATIONS = YES;
				CLANG_WARN_DIRECT_OBJC_ISA_USAGE = YES_ERROR;
				CLANG_WARN_DOCUMENTATION_COMMENTS = YES;
				CLANG_WARN_EMPTY_BODY = YES;
				CLANG_WARN_ENUM_CONVERSION = YES;
				CLANG_WARN_INFINITE_RECURSION = YES;
				CLANG_WARN_INT_CONVERSION = YES;
				CLANG_WARN_NON_LITERAL_NULL_CONVERSION = YES;
				CLANG_WARN_OBJC_IMPLICIT_RETAIN_SELF = YES;
				CLANG_WARN_OBJC_LITERAL_CONVERSION = YES;
				CLANG_WARN_OBJC_ROOT_CLASS = YES_ERROR;
				CLANG_WARN_QUOTED_INCLUDE_IN_FRAMEWORK_HEADER = YES;
				CLANG_WARN_RANGE_LOOP_ANALYSIS = YES;
				CLANG_WARN_STRICT_PROTOTYPES = YES;
				CLANG_WARN_SUSPICIOUS_MOVE = YES;
				CLANG_WARN_UNGUARDED_AVAILABILITY = YES_AGGRESSIVE;
				CLANG_WARN_UNREACHABLE_CODE = YES;
				CLANG_WARN__DUPLICATE_METHOD_MATCH = YES;
				COPY_PHASE_STRIP = NO;
				DEBUG_INFORMATION_FORMAT = "dwarf-with-dsym";
				DEVELOPMENT_TEAM = UU27PLANKB;
				ENABLE_NS_ASSERTIONS = NO;
				ENABLE_STRICT_OBJC_MSGSEND = YES;
				ENABLE_USER_SCRIPT_SANDBOXING = YES;
				GCC_C_LANGUAGE_STANDARD = gnu17;
				GCC_NO_COMMON_BLOCKS = YES;
				GCC_WARN_64_TO_32_BIT_CONVERSION = YES;
				GCC_WARN_ABOUT_RETURN_TYPE = YES_ERROR;
				GCC_WARN_UNDECLARED_SELECTOR = YES;
				GCC_WARN_UNINITIALIZED_AUTOS = YES_AGGRESSIVE;
				GCC_WARN_UNUSED_FUNCTION = YES;
				GCC_WARN_UNUSED_VARIABLE = YES;
				IPHONEOS_DEPLOYMENT_TARGET = 26.0;
				LOCALIZATION_PREFERS_STRING_CATALOGS = YES;
				MTL_ENABLE_DEBUG_INFO = NO;
				MTL_FAST_MATH = YES;
				SDKROOT = iphoneos;
				SWIFT_COMPILATION_MODE = wholemodule;
				VALIDATE_PRODUCT = YES;
			};
			name = Release;
		};
		935651572F1629CC006D3E90 /* Debug */ = {
			isa = XCBuildConfiguration;
			buildSettings = {
				ASSETCATALOG_COMPILER_APPICON_NAME = AppIcon;
				ASSETCATALOG_COMPILER_GLOBAL_ACCENT_COLOR_NAME = AccentColor;
				CODE_SIGN_STYLE = Automatic;
				CURRENT_PROJECT_VERSION = 1;
				DEVELOPMENT_TEAM = UU27PLANKB;
				ENABLE_PREVIEWS = YES;
				GENERATE_INFOPLIST_FILE = YES;
				INFOPLIST_FILE = "prayerapp-swift/Info.plist";
				INFOPLIST_KEY_UIApplicationSceneManifest_Generation = YES;
				INFOPLIST_KEY_UIApplicationSupportsIndirectInputEvents = YES;
				INFOPLIST_KEY_UILaunchScreen_Generation = YES;
				INFOPLIST_KEY_UISupportedInterfaceOrientations_iPad = "UIInterfaceOrientationPortrait UIInterfaceOrientationPortraitUpsideDown UIInterfaceOrientationLandscapeLeft UIInterfaceOrientationLandscapeRight";
				INFOPLIST_KEY_UISupportedInterfaceOrientations_iPhone = "UIInterfaceOrientationPortrait UIInterfaceOrientationLandscapeLeft UIInterfaceOrientationLandscapeRight";
				LD_RUNPATH_SEARCH_PATHS = (
					"$(inherited)",
					"@executable_path/Frameworks",
				);
				MARKETING_VERSION = 1.0;
				PRODUCT_BUNDLE_IDENTIFIER = "com.buildsync.prayerapp-swift";
				PRODUCT_NAME = "$(TARGET_NAME)";
				STRING_CATALOG_GENERATE_SYMBOLS = YES;
				SWIFT_APPROACHABLE_CONCURRENCY = YES;
				SWIFT_DEFAULT_ACTOR_ISOLATION = MainActor;
				SWIFT_EMIT_LOC_STRINGS = YES;
				SWIFT_UPCOMING_FEATURE_MEMBER_IMPORT_VISIBILITY = YES;
				SWIFT_VERSION = 5.0;
				TARGETED_DEVICE_FAMILY = "1,2";
			};
			name = Debug;
		};
		935651582F1629CC006D3E90 /* Release */ = {
			isa = XCBuildConfiguration;
			buildSettings = {
				ASSETCATALOG_COMPILER_APPICON_NAME = AppIcon;
				ASSETCATALOG_COMPILER_GLOBAL_ACCENT_COLOR_NAME = AccentColor;
				CODE_SIGN_STYLE = Automatic;
				CURRENT_PROJECT_VERSION = 1;
				DEVELOPMENT_TEAM = UU27PLANKB;
				ENABLE_PREVIEWS = YES;
				GENERATE_INFOPLIST_FILE = YES;
				INFOPLIST_FILE = "prayerapp-swift/Info.plist";
				INFOPLIST_KEY_UIApplicationSceneManifest_Generation = YES;
				INFOPLIST_KEY_UIApplicationSupportsIndirectInputEvents = YES;
				INFOPLIST_KEY_UILaunchScreen_Generation = YES;
				INFOPLIST_KEY_UISupportedInterfaceOrientations_iPad = "UIInterfaceOrientationPortrait UIInterfaceOrientationPortraitUpsideDown UIInterfaceOrientationLandscapeLeft UIInterfaceOrientationLandscapeRight";
				INFOPLIST_KEY_UISupportedInterfaceOrientations_iPhone = "UIInterfaceOrientationPortrait UIInterfaceOrientationLandscapeLeft UIInterfaceOrientationLandscapeRight";
				LD_RUNPATH_SEARCH_PATHS = (
					"$(inherited)",
					"@executable_path/Frameworks",
				);
				MARKETING_VERSION = 1.0;
				PRODUCT_BUNDLE_IDENTIFIER = "com.buildsync.prayerapp-swift";
				PRODUCT_NAME = "$(TARGET_NAME)";
				STRING_CATALOG_GENERATE_SYMBOLS = YES;
				SWIFT_APPROACHABLE_CONCURRENCY = YES;
				SWIFT_DEFAULT_ACTOR_ISOLATION = MainActor;
				SWIFT_EMIT_LOC_STRINGS = YES;
				SWIFT_UPCOMING_FEATURE_MEMBER_IMPORT_VISIBILITY = YES;
				SWIFT_VERSION = 5.0;
				TARGETED_DEVICE_FAMILY = "1,2";
			};
			name = Release;
		};
/* End XCBuildConfiguration section */

/* Begin XCConfigurationList section */
		935651462F1629CA006D3E90 /* Build configuration list for PBXProject "prayerapp-swift" */ = {
			isa = XCConfigurationList;
			buildConfigurations = (
				935651542F1629CC006D3E90 /* Debug */,
				935651552F1629CC006D3E90 /* Release */,
			);
			defaultConfigurationIsVisible = 0;
			defaultConfigurationName = Release;
		};
		935651562F1629CC006D3E90 /* Build configuration list for PBXNativeTarget "prayerapp-swift" */ = {
			isa = XCConfigurationList;
			buildConfigurations = (
				935651572F1629CC006D3E90 /* Debug */,
				935651582F1629CC006D3E90 /* Release */,
			);
			defaultConfigurationIsVisible = 0;
			defaultConfigurationName = Release;
		};
/* End XCConfigurationList section */
	};
	rootObject = 935651432F1629CA006D3E90 /* Project object */;
}
